
Microsoft Visual Studio Solution File, Format Version 12.00
# Visual Studio Version 17
VisualStudioVersion = 17.0.31717.71
MinimumVisualStudioVersion = 10.0.40219.1
Project("{FAE04EC0-301F-11D3-BF4B-00C04F79EFBC}") = "NestedObjects", "NestedObjects\NestedObjects.csproj", "{5EB046D4-1E8D-4E3D-BB23-F75C1DAF1253}"
EndProject
Global
	GlobalSection(SolutionConfigurationPlatforms) = preSolution
		Debug|Any CPU = Debug|Any CPU
		Release|Any CPU = Release|Any CPU
	EndGlobalSection
	GlobalSection(ProjectConfigurationPlatforms) = postSolution
		{5EB046D4-1E8D-4E3D-BB23-F75C1DAF1253}.Debug|Any CPU.ActiveCfg = Debug|Any CPU
		{5EB046D4-1E8D-4E3D-BB23-F75C1DAF1253}.Debug|Any CPU.Build.0 = Debug|Any CPU
		{5EB046D4-1E8D-4E3D-BB23-F75C1DAF1253}.Release|Any CPU.ActiveCfg = Release|Any CPU
		{5EB046D4-1E8D-4E3D-BB23-F75C1DAF1253}.Release|Any CPU.Build.0 = Release|Any CPU
	EndGlobalSection
	GlobalSection(SolutionProperties) = preSolution
		HideSolutionNode = FALSE
	EndGlobalSection
	GlobalSection(ExtensibilityGlobals) = postSolution
		SolutionGuid = {C42E8A4E-C307-4F7A-B907-1DD14422FBC5}
	EndGlobalSection
EndGlobal
